{
  "nodes": {
    "nix-darwin": {
      "inputs": {
        "nixpkgs": [
          "nixpkgs"
        ]
      },
      "locked": {
        "lastModified": 1709554374,
        "narHash": "sha256-1yYgwxBzia+QrOaQaZ6YKqGFfiQcSBwYLzd9XRsRLQY=",
        "owner": "LnL7",
        "repo": "nix-darwin",
        "rev": "daa03606dfb5296a22e842acb02b46c1c4e9f5e7",
        "type": "github"
      },
      "original": {
        "owner": "LnL7",
        "repo": "nix-darwin",
        "type": "github"
      }
    },
    "nixpkgs": {
      "locked": {
        "lastModified": 1709613862,
        "narHash": "sha256-mH+c2gFEzEe49lhUWJ0ieIaMaJ1W85E6G1xLm8ege90=",
        "owner": "NixOS",
        "repo": "nixpkgs",
        "rev": "311a4be96d940a0c673e88bd5bc83ea4f005cc02",
        "type": "github"
      },
      "original": {
        "owner": "NixOS",
        "ref": "nixpkgs-unstable",
        "repo": "nixpkgs",
        "type": "github"
      }
    },
    "root": {
      "inputs": {
        "nix-darwin": "nix-darwin",
        "nixpkgs": "nixpkgs"
      }
    }
  },
  "root": "root",
  "version": 7
}
